<?xml version="1.0" encoding="utf-8"?>
<!-- //////////////////////////////////////////////////////////////////////////////////////////////////// -->
<!-- Engine.vcxproj.filters - Static Library(.lib) Filters Configuration -->
<!-- //////////////////////////////////////////////////////////////////////////////////////////////////// -->
<Project ToolsVersion="4.0" xmlns="http://schemas.microsoft.com/developer/msbuild/2003">
  <!-- ////////////////////////////////////////////////////////////////////////////////////////////////// -->
  <!-- Filter Definition -->
  <!-- ////////////////////////////////////////////////////////////////////////////////////////////////// -->
  <ItemGroup Label="FilterDefinitions">
    <Filter Include="Engine">
      <UniqueIdentifier>{4FC737F1-C7A5-4376-A066-2A32D752A2FF}</UniqueIdentifier>
    </Filter>
    <Filter Include="Engine\Audio">
      <UniqueIdentifier>{a2870358-69b1-4189-892c-f579d046d8c5}</UniqueIdentifier>
    </Filter>
    <Filter Include="Engine\Core">
      <UniqueIdentifier>{dacc44a3-188a-482e-87a5-300460dcc4aa}</UniqueIdentifier>
    </Filter>
    <Filter Include="Engine\Core\Debug">
      <UniqueIdentifier>{f70ef719-fd23-464a-8205-80f027bbd633}</UniqueIdentifier>
    </Filter>
    <Filter Include="Engine\Core\Event">
      <UniqueIdentifier>{a0771256-8038-4fec-9b69-40f964507423}</UniqueIdentifier>
    </Filter>
    <Filter Include="Engine\Core\IO">
      <UniqueIdentifier>{0baf5d88-2e0b-4256-8ac3-23e510f12b22}</UniqueIdentifier>
    </Filter>
    <Filter Include="Engine\Core\Log">
      <UniqueIdentifier>{fff83ee2-2427-4b0e-a929-d7b576831881}</UniqueIdentifier>
    </Filter>
    <Filter Include="Engine\Core\Thread">
      <UniqueIdentifier>{57552d09-e8de-459c-b138-d014a941d357}</UniqueIdentifier>
    </Filter>
    <Filter Include="Engine\Core\Time">
      <UniqueIdentifier>{2a9c2dad-052d-4ab2-9033-9c17db453829}</UniqueIdentifier>
    </Filter>
    <Filter Include="Engine\Core\Util">
      <UniqueIdentifier>{9247c477-fe1e-4014-8649-07b919644f50}</UniqueIdentifier>
    </Filter>
    <Filter Include="Engine\Input">
      <UniqueIdentifier>{217d9e05-0d7d-4431-aae9-2e642c6b628e}</UniqueIdentifier>
    </Filter>
    <Filter Include="Engine\Input\Device">
      <UniqueIdentifier>{16168eba-0b31-4571-9396-060854f037f7}</UniqueIdentifier>
    </Filter>
    <Filter Include="Engine\Audio\Script">
      <UniqueIdentifier>{0ce96e0f-71c3-4160-b270-3a62d4349ed6}</UniqueIdentifier>
    </Filter>
    <Filter Include="Engine\Input\Script">
      <UniqueIdentifier>{c63aed8a-9a69-42fe-afd0-19f057eca0a8}</UniqueIdentifier>
    </Filter>
    <Filter Include="Engine\Math">
      <UniqueIdentifier>{079542ae-4702-4358-b6b4-f9dd2170368b}</UniqueIdentifier>
    </Filter>
    <Filter Include="Engine\Math\Linear">
      <UniqueIdentifier>{67371a20-4d01-47d1-b1e8-aeecbfdc3e69}</UniqueIdentifier>
    </Filter>
    <Filter Include="Engine\Math\Primitive2D">
      <UniqueIdentifier>{98c80ead-3aca-4f1e-892b-e6c612cd12fc}</UniqueIdentifier>
    </Filter>
    <Filter Include="Engine\Math\Primitive3D">
      <UniqueIdentifier>{7fb29ccd-b7f5-4733-8b25-79f5529b186c}</UniqueIdentifier>
    </Filter>
    <Filter Include="Engine\Math\Util">
      <UniqueIdentifier>{ecf20d04-18f0-466d-97ed-76c864bcee6a}</UniqueIdentifier>
    </Filter>
    <Filter Include="Engine\Network">
      <UniqueIdentifier>{b81c7db0-b347-46c7-a6a7-4920a165c66e}</UniqueIdentifier>
    </Filter>
    <Filter Include="Engine\Platform">
      <UniqueIdentifier>{3e5b9dbe-f661-4848-b4bb-f553092b2687}</UniqueIdentifier>
    </Filter>
    <Filter Include="Engine\Network\WebSocket">
      <UniqueIdentifier>{6684efef-c12f-40d3-9de5-6dfb02debfaa}</UniqueIdentifier>
    </Filter>
    <Filter Include="Engine\Network\TCP">
      <UniqueIdentifier>{61e76f37-b282-4494-876e-d9e406c55e42}</UniqueIdentifier>
    </Filter>
    <Filter Include="Engine\Renderer">
      <UniqueIdentifier>{b5230e56-bf8e-45da-a5ce-9691dacb95c0}</UniqueIdentifier>
    </Filter>
    <Filter Include="Engine\Resource">
      <UniqueIdentifier>{68edbb0c-a828-405d-a294-c0d2e03e41fa}</UniqueIdentifier>
    </Filter>
    <Filter Include="Engine\Script">
      <UniqueIdentifier>{8a5dbfe2-d919-4f0f-8c0b-786e84c8bff9}</UniqueIdentifier>
    </Filter>
    <Filter Include="Engine\Widget">
      <UniqueIdentifier>{22f800a9-d1de-404b-b5dd-1ce4c29903b9}</UniqueIdentifier>
    </Filter>
    <Filter Include="Engine\Renderer\Buffer">
      <UniqueIdentifier>{0c77a854-5dac-433d-af2a-6cc4e40187ba}</UniqueIdentifier>
    </Filter>
    <Filter Include="Engine\Renderer\Debug">
      <UniqueIdentifier>{bf4736d1-cd1d-44b7-add5-cda9617a98e0}</UniqueIdentifier>
    </Filter>
    <Filter Include="Engine\Renderer\Light">
      <UniqueIdentifier>{b2b22612-67ba-422b-859b-37e39654b9ea}</UniqueIdentifier>
    </Filter>
    <Filter Include="Engine\Renderer\Resource">
      <UniqueIdentifier>{e197e649-272e-4a78-8dee-1e5468dca54f}</UniqueIdentifier>
    </Filter>
    <Filter Include="Engine\Renderer\Sprite">
      <UniqueIdentifier>{3553aa34-3456-4ff1-993c-1927920007e2}</UniqueIdentifier>
    </Filter>
    <Filter Include="Engine\Renderer\Vertex">
      <UniqueIdentifier>{5719567f-0f7f-40d7-8a4d-dde3e6ee1d77}</UniqueIdentifier>
    </Filter>
    <Filter Include="Engine\Resource\Type">
      <UniqueIdentifier>{2b6f76a6-95a9-4897-b70c-6e875011b4aa}</UniqueIdentifier>
    </Filter>
    <Filter Include="Engine\Resource\Loader">
      <UniqueIdentifier>{ba1096bd-8679-4997-86b8-8fa3b36a76d1}</UniqueIdentifier>
    </Filter>
    <Filter Include="ThirdParty">
      <UniqueIdentifier>{2d1bf6dd-a81d-4d64-9081-f1cbbfa0526c}</UniqueIdentifier>
    </Filter>
    <Filter Include="ThirdParty\FMOD">
      <UniqueIdentifier>{4227c54c-8471-404d-8150-9b8225430f74}</UniqueIdentifier>
    </Filter>
    <Filter Include="ThirdParty\Noise">
      <UniqueIdentifier>{4598331b-7515-4917-ae1b-6283e7ff93a8}</UniqueIdentifier>
    </Filter>
    <Filter Include="ThirdParty\STB">
      <UniqueIdentifier>{82f90a2f-c432-41e8-b218-08fe237b4483}</UniqueIdentifier>
    </Filter>
    <Filter Include="ThirdParty\TinyXML2">
      <UniqueIdentifier>{48123f87-8ed9-40f5-a998-48f14b615466}</UniqueIdentifier>
    </Filter>
    <Filter Include="ThirdParty\JSON">
      <UniqueIdentifier>{348d2b99-84ed-41bb-bb90-4904b78d7a14}</UniqueIdentifier>
    </Filter>
    <Filter Include="Engine\Renderer\Script">
      <UniqueIdentifier>{cf71cf3f-2647-4e69-86c6-83343bc7e115}</UniqueIdentifier>
    </Filter>
  </ItemGroup>
  <!-- ////////////////////////////////////////////////////////////////////////////////////////////////// -->
  <!-- Source Files-->
  <!-- ////////////////////////////////////////////////////////////////////////////////////////////////// -->
  <ItemGroup Label="SourceFiles">
    <ClCompile Include="Audio\AudioScriptInterface.cpp" />
    <ClCompile Include="Audio\AudioSystem.cpp" />
    <ClCompile Include="Core\Engine.cpp" />
    <ClCompile Include="Audio\AudioSystem.cpp">
      <Filter>Engine\Audio</Filter>
    </ClCompile>
    <ClCompile Include="Core\Engine.cpp">
      <Filter>Engine\Core</Filter>
    </ClCompile>
    <ClCompile Include="Core\EngineCommon.cpp">
      <Filter>Engine\Core</Filter>
    </ClCompile>
    <ClCompile Include="Core/DevConsole.cpp">
      <Filter>Engine\Core\Debug</Filter>
    </ClCompile>
    <ClCompile Include="Core/ErrorWarningAssert.cpp">
      <Filter>Engine\Core\Debug</Filter>
    </ClCompile>
    <ClCompile Include="Core/HeatMaps.cpp">
      <Filter>Engine\Core\Debug</Filter>
    </ClCompile>
    <ClCompile Include="Core/EventSystem.cpp">
      <Filter>Engine\Core\Event</Filter>
    </ClCompile>
    <ClCompile Include="Core/FileUtils.cpp">
      <Filter>Engine\Core\IO</Filter>
    </ClCompile>
    <ClCompile Include="Core/XmlUtils.cpp">
      <Filter>Engine\Core\IO</Filter>
    </ClCompile>
    <ClCompile Include="Core\ConsoleOutputDevice.cpp">
      <Filter>Engine\Core\Log</Filter>
    </ClCompile>
    <ClCompile Include="Core/DebugOutputDevice.cpp">
      <Filter>Engine\Core\Log</Filter>
    </ClCompile>
    <ClCompile Include="Core/DevConsoleOutputDevice.cpp">
      <Filter>Engine\Core\Log</Filter>
    </ClCompile>
    <ClCompile Include="Core/FileOutputDevice.cpp">
      <Filter>Engine\Core\Log</Filter>
    </ClCompile>
    <ClCompile Include="Core/LogSubsystem.cpp">
      <Filter>Engine\Core\Log</Filter>
    </ClCompile>
    <ClCompile Include="Core/OnScreenOutputDevice.cpp">
      <Filter>Engine\Core\Log</Filter>
    </ClCompile>
    <ClCompile Include="Core/SmartFileOutputDevice.cpp">
      <Filter>Engine\Core\Log</Filter>
    </ClCompile>
    <ClCompile Include="Core/Job.cpp">
      <Filter>Engine\Core\Thread</Filter>
    </ClCompile>
    <ClCompile Include="Core/JobSystem.cpp">
      <Filter>Engine\Core\Thread</Filter>
    </ClCompile>
    <ClCompile Include="Core/JobWorkerThread.cpp">
      <Filter>Engine\Core\Thread</Filter>
    </ClCompile>
    <ClCompile Include="Core/NamedStrings.cpp">
      <Filter>Engine\Core\Util</Filter>
    </ClCompile>
    <ClCompile Include="Core/Rgba8.cpp">
      <Filter>Engine\Core\Util</Filter>
    </ClCompile>
    <ClCompile Include="Core/SimpleTriangleFont.cpp">
      <Filter>Engine\Core\Util</Filter>
    </ClCompile>
    <ClCompile Include="Core/StringUtils.cpp">
      <Filter>Engine\Core\Util</Filter>
    </ClCompile>
    <ClCompile Include="Core/Clock.cpp">
      <Filter>Engine\Core\Time</Filter>
    </ClCompile>
    <ClCompile Include="Core/Time.cpp">
      <Filter>Engine\Core\Time</Filter>
    </ClCompile>
    <ClCompile Include="Core/Timer.cpp">
      <Filter>Engine\Core\Time</Filter>
    </ClCompile>
    <ClCompile Include="Audio\AudioScriptInterface.cpp">
      <Filter>Engine\Audio\Script</Filter>
    </ClCompile>
    <ClCompile Include="Input/InputScriptInterface.cpp">
      <Filter>Engine\Input\Script</Filter>
    </ClCompile>
    <ClCompile Include="Input/AnalogJoystick.cpp">
      <Filter>Engine\Input\Device</Filter>
    </ClCompile>
    <ClCompile Include="Input/XboxController.cpp">
      <Filter>Engine\Input\Device</Filter>
    </ClCompile>
    <ClCompile Include="Input\InputCommon.cpp">
      <Filter>Engine\Input</Filter>
    </ClCompile>
    <ClCompile Include="Input/InputSystem.cpp">
      <Filter>Engine\Input</Filter>
    </ClCompile>
    <ClCompile Include="Input/KeyButtonState.cpp">
      <Filter>Engine\Input</Filter>
    </ClCompile>
    <ClCompile Include="Math/EulerAngles.cpp">
      <Filter>Engine\Math\Linear</Filter>
    </ClCompile>
    <ClCompile Include="Math/IntVec2.cpp">
      <Filter>Engine\Math\Linear</Filter>
    </ClCompile>
    <ClCompile Include="Math/IntVec3.cpp">
      <Filter>Engine\Math\Linear</Filter>
    </ClCompile>
    <ClCompile Include="Math/Mat44.cpp">
      <Filter>Engine\Math\Linear</Filter>
    </ClCompile>
    <ClCompile Include="Math/Vec2.cpp">
      <Filter>Engine\Math\Linear</Filter>
    </ClCompile>
    <ClCompile Include="Math/Vec3.cpp">
      <Filter>Engine\Math\Linear</Filter>
    </ClCompile>
    <ClCompile Include="Math/Vec4.cpp">
      <Filter>Engine\Math\Linear</Filter>
    </ClCompile>
    <ClCompile Include="Math/AABB2.cpp">
      <Filter>Engine\Math\Primitive2D</Filter>
    </ClCompile>
    <ClCompile Include="Math/Capsule2.cpp">
      <Filter>Engine\Math\Primitive2D</Filter>
    </ClCompile>
    <ClCompile Include="Math/Disc2.cpp">
      <Filter>Engine\Math\Primitive2D</Filter>
    </ClCompile>
    <ClCompile Include="Math/LineSegment2.cpp">
      <Filter>Engine\Math\Primitive2D</Filter>
    </ClCompile>
    <ClCompile Include="Math/OBB2.cpp">
      <Filter>Engine\Math\Primitive2D</Filter>
    </ClCompile>
    <ClCompile Include="Math/Plane2.cpp">
      <Filter>Engine\Math\Primitive2D</Filter>
    </ClCompile>
    <ClCompile Include="Math/Triangle2.cpp">
      <Filter>Engine\Math\Primitive2D</Filter>
    </ClCompile>
    <ClCompile Include="Math/AABB3.cpp">
      <Filter>Engine\Math\Primitive3D</Filter>
    </ClCompile>
    <ClCompile Include="Math/Cylinder3.cpp">
      <Filter>Engine\Math\Primitive3D</Filter>
    </ClCompile>
    <ClCompile Include="Math/OBB3.cpp">
      <Filter>Engine\Math\Primitive3D</Filter>
    </ClCompile>
    <ClCompile Include="Math/Plane3.cpp">
      <Filter>Engine\Math\Primitive3D</Filter>
    </ClCompile>
    <ClCompile Include="Math/Sphere3.cpp">
      <Filter>Engine\Math\Primitive3D</Filter>
    </ClCompile>
    <ClCompile Include="Math/Curve2D.cpp">
      <Filter>Engine\Math\Util</Filter>
    </ClCompile>
    <ClCompile Include="Math/FloatRange.cpp">
      <Filter>Engine\Math\Util</Filter>
    </ClCompile>
    <ClCompile Include="Math/IntRange.cpp">
      <Filter>Engine\Math\Util</Filter>
    </ClCompile>
    <ClCompile Include="Math/MathUtils.cpp">
      <Filter>Engine\Math\Util</Filter>
    </ClCompile>
    <ClCompile Include="Math/RandomNumberGenerator.cpp">
      <Filter>Engine\Math\Util</Filter>
    </ClCompile>
    <ClCompile Include="Math/RaycastUtils.cpp">
      <Filter>Engine\Math\Util</Filter>
    </ClCompile>
    <ClCompile Include="Network/NetworkCommon.cpp">
      <Filter>Engine\Network\TCP</Filter>
    </ClCompile>
    <ClCompile Include="Network\NetworkTCPSubsystem.cpp">
      <Filter>Engine\Network\TCP</Filter>
    </ClCompile>
    <ClCompile Include="Network\BaseWebSocketSubsystem.cpp">
      <Filter>Engine\Network\WebSocket</Filter>
    </ClCompile>
    <ClCompile Include="Network\ChromeDevToolsWebSocketSubsystem.cpp">
      <Filter>Engine\Network\WebSocket</Filter>
    </ClCompile>
    <ClCompile Include="Network\MCPWebSocketSubsystem.cpp">
      <Filter>Engine\Network\WebSocket</Filter>
    </ClCompile>
    <ClCompile Include="Platform/Window.cpp">
      <Filter>Engine\Platform</Filter>
    </ClCompile>
    <ClCompile Include="Platform/WindowCommon.cpp">
      <Filter>Engine\Platform</Filter>
    </ClCompile>
    <ClCompile Include="Renderer/ConstantBuffer.cpp">
      <Filter>Engine\Renderer\Buffer</Filter>
    </ClCompile>
    <ClCompile Include="Renderer/IndexBuffer.cpp">
      <Filter>Engine\Renderer\Buffer</Filter>
    </ClCompile>
    <ClCompile Include="Renderer/VertexBuffer.cpp">
      <Filter>Engine\Renderer\Buffer</Filter>
    </ClCompile>
    <ClCompile Include="Renderer/Camera.cpp">
      <Filter>Engine\Renderer</Filter>
    </ClCompile>
    <ClCompile Include="Renderer/RenderCommon.cpp">
      <Filter>Engine\Renderer</Filter>
    </ClCompile>
    <ClCompile Include="Renderer/Renderer.cpp">
      <Filter>Engine\Renderer</Filter>
    </ClCompile>
    <ClCompile Include="Renderer/Vertex_PCU.cpp">
      <Filter>Engine\Renderer\Vertex</Filter>
    </ClCompile>
    <ClCompile Include="Renderer/Vertex_PCUTBN.cpp">
      <Filter>Engine\Renderer\Vertex</Filter>
    </ClCompile>
    <ClCompile Include="Renderer/VertexUtils.cpp">
      <Filter>Engine\Renderer\Vertex</Filter>
    </ClCompile>
    <ClCompile Include="Renderer/SpriteAnimDefinition.cpp">
      <Filter>Engine\Renderer\Sprite</Filter>
    </ClCompile>
    <ClCompile Include="Renderer/SpriteDefinition.cpp">
      <Filter>Engine\Renderer\Sprite</Filter>
    </ClCompile>
    <ClCompile Include="Renderer/SpriteSheet.cpp">
      <Filter>Engine\Renderer\Sprite</Filter>
    </ClCompile>
    <ClCompile Include="Renderer/BitmapFont.cpp">
      <Filter>Engine\Renderer\Resource</Filter>
    </ClCompile>
    <ClCompile Include="Renderer/Image.cpp">
      <Filter>Engine\Renderer\Resource</Filter>
    </ClCompile>
    <ClCompile Include="Renderer/Shader.cpp">
      <Filter>Engine\Renderer\Resource</Filter>
    </ClCompile>
    <ClCompile Include="Renderer/Texture.cpp">
      <Filter>Engine\Renderer\Resource</Filter>
    </ClCompile>
    <ClCompile Include="Renderer/Light.cpp">
      <Filter>Engine\Renderer\Light</Filter>
    </ClCompile>
    <ClCompile Include="Renderer/LightSubsystem.cpp">
      <Filter>Engine\Renderer\Light</Filter>
    </ClCompile>
    <ClCompile Include="Renderer/DebugRenderSystem.cpp">
      <Filter>Engine\Renderer\Debug</Filter>
    </ClCompile>
    <ClCompile Include="Resource/ResourceCache.cpp">
      <Filter>Engine\Resource</Filter>
    </ClCompile>
    <ClCompile Include="Resource/ResourceCommon.cpp">
      <Filter>Engine\Resource</Filter>
    </ClCompile>
    <ClCompile Include="Resource/ResourceHandle.cpp">
      <Filter>Engine\Resource</Filter>
    </ClCompile>
    <ClCompile Include="Resource/AnimationLoader.cpp">
      <Filter>Engine\Resource\Loader</Filter>
    </ClCompile>
    <ClCompile Include="Resource/AudioLoader.cpp">
      <Filter>Engine\Resource\Loader</Filter>
    </ClCompile>
    <ClCompile Include="Resource/FontLoader.cpp">
      <Filter>Engine\Resource\Loader</Filter>
    </ClCompile>
    <ClCompile Include="Resource/IResourceLoader.cpp">
      <Filter>Engine\Resource\Loader</Filter>
    </ClCompile>
    <ClCompile Include="Resource/MaterialLoader.cpp">
      <Filter>Engine\Resource\Loader</Filter>
    </ClCompile>
    <ClCompile Include="Resource/ModelLoader.cpp">
      <Filter>Engine\Resource\Loader</Filter>
    </ClCompile>
    <ClCompile Include="Resource/ObjModelLoader.cpp">
      <Filter>Engine\Resource\Loader</Filter>
    </ClCompile>
    <ClCompile Include="Resource/ShaderLoader.cpp">
      <Filter>Engine\Resource\Loader</Filter>
    </ClCompile>
    <ClCompile Include="Resource/TextureLoader.cpp">
      <Filter>Engine\Resource\Loader</Filter>
    </ClCompile>
    <ClCompile Include="Resource/AnimationResource.cpp">
      <Filter>Engine\Resource\Type</Filter>
    </ClCompile>
    <ClCompile Include="Resource/FontResource.cpp">
      <Filter>Engine\Resource\Type</Filter>
    </ClCompile>
    <ClCompile Include="Resource/IResource.cpp">
      <Filter>Engine\Resource\Type</Filter>
    </ClCompile>
    <ClCompile Include="Resource/MaterialResource.cpp">
      <Filter>Engine\Resource\Type</Filter>
    </ClCompile>
    <ClCompile Include="Resource/ModelResource.cpp">
      <Filter>Engine\Resource\Type</Filter>
    </ClCompile>
    <ClCompile Include="Resource/ShaderResource.cpp">
      <Filter>Engine\Resource\Type</Filter>
    </ClCompile>
    <ClCompile Include="Resource/TextureResource.cpp">
      <Filter>Engine\Resource\Type</Filter>
    </ClCompile>
    <ClCompile Include="Resource\AudioResource.cpp">
      <Filter>Engine\Resource\Type</Filter>
    </ClCompile>
    <ClCompile Include="Resource/ResourceSubsystem.cpp">
      <Filter>Engine\Resource</Filter>
    </ClCompile>
    <ClCompile Include="Script/FileWatcher.cpp">
      <Filter>Engine\Script</Filter>
    </ClCompile>
    <ClCompile Include="Script/IScriptableObject.cpp">
      <Filter>Engine\Script</Filter>
    </ClCompile>
    <ClCompile Include="Script/ModuleLoader.cpp">
      <Filter>Engine\Script</Filter>
    </ClCompile>
    <ClCompile Include="Script/ModuleRegistry.cpp">
      <Filter>Engine\Script</Filter>
    </ClCompile>
    <ClCompile Include="Script/ModuleResolver.cpp">
      <Filter>Engine\Script</Filter>
    </ClCompile>
    <ClCompile Include="Script/ScriptCommon.cpp">
      <Filter>Engine\Script</Filter>
    </ClCompile>
    <ClCompile Include="Script/ScriptReloader.cpp">
      <Filter>Engine\Script</Filter>
    </ClCompile>
    <ClCompile Include="Script/ScriptSubsystem.cpp">
      <Filter>Engine\Script</Filter>
    </ClCompile>
    <ClCompile Include="Script/ScriptTypeExtractor.cpp">
      <Filter>Engine\Script</Filter>
    </ClCompile>
    <ClCompile Include="Widget\IWidget.cpp">
      <Filter>Engine\Widget</Filter>
    </ClCompile>
    <ClCompile Include="Widget\WidgetSubsystem.cpp">
      <Filter>Engine\Widget</Filter>
    </ClCompile>
    <ClCompile Include="../ThirdParty/TinyXML2/tinyxml2.cpp">
      <Filter>ThirdParty\TinyXML2</Filter>
    </ClCompile>
    <ClCompile Include="../ThirdParty/Noise/RawNoise.cpp">
      <Filter>ThirdParty\Noise</Filter>
    </ClCompile>
    <ClCompile Include="../ThirdParty/Noise/SmoothNoise.cpp">
      <Filter>ThirdParty\Noise</Filter>
    </ClCompile>
    <ClCompile Include="Renderer\RendererScriptInterface.cpp">
      <Filter>Engine\Renderer\Script</Filter>
    </ClCompile>
  </ItemGroup>
  <!-- ////////////////////////////////////////////////////////////////////////////////////////////////// -->
  <!-- Header Files -->
  <!-- ////////////////////////////////////////////////////////////////////////////////////////////////// -->
  <ItemGroup Label="HeaderFiles">
    <ClInclude Include="Audio\AudioScriptInterface.hpp" />
    <ClInclude Include="Audio\AudioSystem.hpp" />
    <ClInclude Include="Core\Engine.hpp" />
    <ClInclude Include="Audio\AudioSystem.hpp">
      <Filter>Engine\Audio</Filter>
    </ClInclude>
    <ClInclude Include="Core\Engine.hpp">
      <Filter>Engine\Core</Filter>
    </ClInclude>
    <ClInclude Include="Core\EngineCommon.hpp">
      <Filter>Engine\Core</Filter>
    </ClInclude>
    <ClInclude Include="Core/DevConsole.hpp">
      <Filter>Engine\Core\Debug</Filter>
    </ClInclude>
    <ClInclude Include="Core/ErrorWarningAssert.hpp">
      <Filter>Engine\Core\Debug</Filter>
    </ClInclude>
    <ClInclude Include="Core/HeatMaps.hpp">
      <Filter>Engine\Core\Debug</Filter>
    </ClInclude>
    <ClInclude Include="Core/EventSystem.hpp">
      <Filter>Engine\Core\Event</Filter>
    </ClInclude>
    <ClInclude Include="Core/FileUtils.hpp">
      <Filter>Engine\Core\IO</Filter>
    </ClInclude>
    <ClInclude Include="Core/XmlUtils.hpp">
      <Filter>Engine\Core\IO</Filter>
    </ClInclude>
    <ClInclude Include="Core\ConsoleOutputDevice.hpp">
      <Filter>Engine\Core\Log</Filter>
    </ClInclude>
    <ClInclude Include="Core/DebugOutputDevice.hpp">
      <Filter>Engine\Core\Log</Filter>
    </ClInclude>
    <ClInclude Include="Core/DevConsoleOutputDevice.hpp">
      <Filter>Engine\Core\Log</Filter>
    </ClInclude>
    <ClInclude Include="Core/FileOutputDevice.hpp">
      <Filter>Engine\Core\Log</Filter>
    </ClInclude>
    <ClInclude Include="Core/ILogOutputDevice.hpp">
      <Filter>Engine\Core\Log</Filter>
    </ClInclude>
    <ClInclude Include="Core/LogSubsystem.hpp">
      <Filter>Engine\Core\Log</Filter>
    </ClInclude>
    <ClInclude Include="Core/OnScreenOutputDevice.hpp">
      <Filter>Engine\Core\Log</Filter>
    </ClInclude>
    <ClInclude Include="Core/SmartFileOutputDevice.hpp">
      <Filter>Engine\Core\Log</Filter>
    </ClInclude>
    <ClInclude Include="Core/Job.hpp">
      <Filter>Engine\Core\Thread</Filter>
    </ClInclude>
    <ClInclude Include="Core/JobSystem.hpp">
      <Filter>Engine\Core\Thread</Filter>
    </ClInclude>
    <ClInclude Include="Core/JobWorkerThread.hpp">
      <Filter>Engine\Core\Thread</Filter>
    </ClInclude>
    <ClInclude Include="Core/StringUtils.hpp">
      <Filter>Engine\Core\Util</Filter>
    </ClInclude>
    <ClInclude Include="Core/NamedStrings.hpp">
      <Filter>Engine\Core\Util</Filter>
    </ClInclude>
    <ClInclude Include="Core/Rgba8.hpp">
      <Filter>Engine\Core\Util</Filter>
    </ClInclude>
    <ClInclude Include="Core/SimpleTriangleFont.hpp">
      <Filter>Engine\Core\Util</Filter>
    </ClInclude>
    <ClInclude Include="Core/Clock.hpp">
      <Filter>Engine\Core\Time</Filter>
    </ClInclude>
    <ClInclude Include="Core/Time.hpp">
      <Filter>Engine\Core\Time</Filter>
    </ClInclude>
    <ClInclude Include="Core/Timer.hpp">
      <Filter>Engine\Core\Time</Filter>
    </ClInclude>
    <ClInclude Include="Audio\AudioScriptInterface.hpp">
      <Filter>Engine\Audio\Script</Filter>
    </ClInclude>
    <ClInclude Include="Input/InputScriptInterface.hpp">
      <Filter>Engine\Input\Script</Filter>
    </ClInclude>
    <ClInclude Include="Input/AnalogJoystick.hpp">
      <Filter>Engine\Input\Device</Filter>
    </ClInclude>
    <ClInclude Include="Input/XboxController.hpp">
      <Filter>Engine\Input\Device</Filter>
    </ClInclude>
    <ClInclude Include="Input\InputCommon.hpp">
      <Filter>Engine\Input</Filter>
    </ClInclude>
    <ClInclude Include="Input/InputSystem.hpp">
      <Filter>Engine\Input</Filter>
    </ClInclude>
    <ClInclude Include="Input/KeyButtonState.hpp">
      <Filter>Engine\Input</Filter>
    </ClInclude>
    <ClInclude Include="Math/EulerAngles.hpp">
      <Filter>Engine\Math\Linear</Filter>
    </ClInclude>
    <ClInclude Include="Math/IntVec2.hpp">
      <Filter>Engine\Math\Linear</Filter>
    </ClInclude>
    <ClInclude Include="Math/IntVec3.hpp">
      <Filter>Engine\Math\Linear</Filter>
    </ClInclude>
    <ClInclude Include="Math/Mat44.hpp">
      <Filter>Engine\Math\Linear</Filter>
    </ClInclude>
    <ClInclude Include="Math/Vec2.hpp">
      <Filter>Engine\Math\Linear</Filter>
    </ClInclude>
    <ClInclude Include="Math/Vec3.hpp">
      <Filter>Engine\Math\Linear</Filter>
    </ClInclude>
    <ClInclude Include="Math/Vec4.hpp">
      <Filter>Engine\Math\Linear</Filter>
    </ClInclude>
    <ClInclude Include="Math/AABB2.hpp">
      <Filter>Engine\Math\Primitive2D</Filter>
    </ClInclude>
    <ClInclude Include="Math/Capsule2.hpp">
      <Filter>Engine\Math\Primitive2D</Filter>
    </ClInclude>
    <ClInclude Include="Math/Disc2.hpp">
      <Filter>Engine\Math\Primitive2D</Filter>
    </ClInclude>
    <ClInclude Include="Math/LineSegment2.hpp">
      <Filter>Engine\Math\Primitive2D</Filter>
    </ClInclude>
    <ClInclude Include="Math/OBB2.hpp">
      <Filter>Engine\Math\Primitive2D</Filter>
    </ClInclude>
    <ClInclude Include="Math/Plane2.hpp">
      <Filter>Engine\Math\Primitive2D</Filter>
    </ClInclude>
    <ClInclude Include="Math/Triangle2.hpp">
      <Filter>Engine\Math\Primitive2D</Filter>
    </ClInclude>
    <ClInclude Include="Math/AABB3.hpp">
      <Filter>Engine\Math\Primitive3D</Filter>
    </ClInclude>
    <ClInclude Include="Math/Cylinder3.hpp">
      <Filter>Engine\Math\Primitive3D</Filter>
    </ClInclude>
    <ClInclude Include="Math/OBB3.hpp">
      <Filter>Engine\Math\Primitive3D</Filter>
    </ClInclude>
    <ClInclude Include="Math/Plane3.hpp">
      <Filter>Engine\Math\Primitive3D</Filter>
    </ClInclude>
    <ClInclude Include="Math/Sphere3.hpp">
      <Filter>Engine\Math\Primitive3D</Filter>
    </ClInclude>
    <ClInclude Include="Math/Curve2D.hpp">
      <Filter>Engine\Math\Util</Filter>
    </ClInclude>
    <ClInclude Include="Math/FloatRange.hpp">
      <Filter>Engine\Math\Util</Filter>
    </ClInclude>
    <ClInclude Include="Math/IntRange.hpp">
      <Filter>Engine\Math\Util</Filter>
    </ClInclude>
    <ClInclude Include="Math/MathUtils.hpp">
      <Filter>Engine\Math\Util</Filter>
    </ClInclude>
    <ClInclude Include="Math/RandomNumberGenerator.hpp">
      <Filter>Engine\Math\Util</Filter>
    </ClInclude>
    <ClInclude Include="Math/RaycastUtils.hpp">
      <Filter>Engine\Math\Util</Filter>
    </ClInclude>
    <ClInclude Include="Network/NetworkCommon.hpp">
      <Filter>Engine\Network\TCP</Filter>
    </ClInclude>
    <ClInclude Include="Network\NetworkTCPSubsystem.hpp">
      <Filter>Engine\Network\TCP</Filter>
    </ClInclude>
    <ClInclude Include="Network\BaseWebSocketSubsystem.hpp">
      <Filter>Engine\Network\WebSocket</Filter>
    </ClInclude>
    <ClInclude Include="Network\ChromeDevToolsWebSocketSubsystem.hpp">
      <Filter>Engine\Network\WebSocket</Filter>
    </ClInclude>
    <ClInclude Include="Network\MCPWebSocketSubsystem.hpp">
      <Filter>Engine\Network\WebSocket</Filter>
    </ClInclude>
    <ClInclude Include="Platform/Window.hpp">
      <Filter>Engine\Platform</Filter>
    </ClInclude>
    <ClInclude Include="Platform/WindowCommon.hpp">
      <Filter>Engine\Platform</Filter>
    </ClInclude>
    <ClInclude Include="Renderer/ConstantBuffer.hpp">
      <Filter>Engine\Renderer\Buffer</Filter>
    </ClInclude>
    <ClInclude Include="Renderer/IndexBuffer.hpp">
      <Filter>Engine\Renderer\Buffer</Filter>
    </ClInclude>
    <ClInclude Include="Renderer/VertexBuffer.hpp">
      <Filter>Engine\Renderer\Buffer</Filter>
    </ClInclude>
    <ClInclude Include="Renderer/Camera.hpp">
      <Filter>Engine\Renderer</Filter>
    </ClInclude>
    <ClInclude Include="Renderer/RenderCommon.hpp">
      <Filter>Engine\Renderer</Filter>
    </ClInclude>
    <ClInclude Include="Renderer/Renderer.hpp">
      <Filter>Engine\Renderer</Filter>
    </ClInclude>
    <ClInclude Include="Renderer/Vertex_PCU.hpp">
      <Filter>Engine\Renderer\Vertex</Filter>
    </ClInclude>
    <ClInclude Include="Renderer/Vertex_PCUTBN.hpp">
      <Filter>Engine\Renderer\Vertex</Filter>
    </ClInclude>
    <ClInclude Include="Renderer/VertexUtils.hpp">
      <Filter>Engine\Renderer\Vertex</Filter>
    </ClInclude>
    <ClInclude Include="Renderer/SpriteAnimDefinition.hpp">
      <Filter>Engine\Renderer\Sprite</Filter>
    </ClInclude>
    <ClInclude Include="Renderer/SpriteDefinition.hpp">
      <Filter>Engine\Renderer\Sprite</Filter>
    </ClInclude>
    <ClInclude Include="Renderer/SpriteSheet.hpp">
      <Filter>Engine\Renderer\Sprite</Filter>
    </ClInclude>
    <ClInclude Include="Renderer/BitmapFont.hpp">
      <Filter>Engine\Renderer\Resource</Filter>
    </ClInclude>
    <ClInclude Include="Renderer/DefaultShader.hpp">
      <Filter>Engine\Renderer\Resource</Filter>
    </ClInclude>
    <ClInclude Include="Renderer/Image.hpp">
      <Filter>Engine\Renderer\Resource</Filter>
    </ClInclude>
    <ClInclude Include="Renderer/Shader.hpp">
      <Filter>Engine\Renderer\Resource</Filter>
    </ClInclude>
    <ClInclude Include="Renderer/Texture.hpp">
      <Filter>Engine\Renderer\Resource</Filter>
    </ClInclude>
    <ClInclude Include="Renderer/Light.hpp">
      <Filter>Engine\Renderer\Light</Filter>
    </ClInclude>
    <ClInclude Include="Renderer/LightSubsystem.hpp">
      <Filter>Engine\Renderer\Light</Filter>
    </ClInclude>
    <ClInclude Include="Renderer/DebugRenderSystem.hpp">
      <Filter>Engine\Renderer\Debug</Filter>
    </ClInclude>
    <ClInclude Include="Resource/ResourceCache.hpp">
      <Filter>Engine\Resource</Filter>
    </ClInclude>
    <ClInclude Include="Resource/ResourceCommon.hpp">
      <Filter>Engine\Resource</Filter>
    </ClInclude>
    <ClInclude Include="Resource/ResourceHandle.hpp">
      <Filter>Engine\Resource</Filter>
    </ClInclude>
    <ClInclude Include="Resource/AnimationLoader.hpp">
      <Filter>Engine\Resource\Loader</Filter>
    </ClInclude>
    <ClInclude Include="Resource/AudioLoader.hpp">
      <Filter>Engine\Resource\Loader</Filter>
    </ClInclude>
    <ClInclude Include="Resource/FontLoader.hpp">
      <Filter>Engine\Resource\Loader</Filter>
    </ClInclude>
    <ClInclude Include="Resource/IResourceLoader.hpp">
      <Filter>Engine\Resource\Loader</Filter>
    </ClInclude>
    <ClInclude Include="Resource/MaterialLoader.hpp">
      <Filter>Engine\Resource\Loader</Filter>
    </ClInclude>
    <ClInclude Include="Resource/ModelLoader.hpp">
      <Filter>Engine\Resource\Loader</Filter>
    </ClInclude>
    <ClInclude Include="Resource/ObjModelLoader.hpp">
      <Filter>Engine\Resource\Loader</Filter>
    </ClInclude>
    <ClInclude Include="Resource/ShaderLoader.hpp">
      <Filter>Engine\Resource\Loader</Filter>
    </ClInclude>
    <ClInclude Include="Resource/TextureLoader.hpp">
      <Filter>Engine\Resource\Loader</Filter>
    </ClInclude>
    <ClInclude Include="Resource/AnimationResource.hpp">
      <Filter>Engine\Resource\Type</Filter>
    </ClInclude>
    <ClInclude Include="Resource/FontResource.hpp">
      <Filter>Engine\Resource\Type</Filter>
    </ClInclude>
    <ClInclude Include="Resource/IResource.hpp">
      <Filter>Engine\Resource\Type</Filter>
    </ClInclude>
    <ClInclude Include="Resource/MaterialResource.hpp">
      <Filter>Engine\Resource\Type</Filter>
    </ClInclude>
    <ClInclude Include="Resource/ModelResource.hpp">
      <Filter>Engine\Resource\Type</Filter>
    </ClInclude>
    <ClInclude Include="Resource/ShaderResource.hpp">
      <Filter>Engine\Resource\Type</Filter>
    </ClInclude>
    <ClInclude Include="Resource/TextureResource.hpp">
      <Filter>Engine\Resource\Type</Filter>
    </ClInclude>
    <ClInclude Include="Resource\AudioResource.hpp">
      <Filter>Engine\Resource\Type</Filter>
    </ClInclude>
    <ClInclude Include="Resource/ResourceSubsystem.hpp">
      <Filter>Engine\Resource</Filter>
    </ClInclude>
    <ClInclude Include="Script/FileWatcher.hpp">
      <Filter>Engine\Script</Filter>
    </ClInclude>
    <ClInclude Include="Script/IScriptableObject.hpp">
      <Filter>Engine\Script</Filter>
    </ClInclude>
    <ClInclude Include="Script/ModuleLoader.hpp">
      <Filter>Engine\Script</Filter>
    </ClInclude>
    <ClInclude Include="Script/ModuleRegistry.hpp">
      <Filter>Engine\Script</Filter>
    </ClInclude>
    <ClInclude Include="Script/ModuleResolver.hpp">
      <Filter>Engine\Script</Filter>
    </ClInclude>
    <ClInclude Include="Script/ScriptCommon.hpp">
      <Filter>Engine\Script</Filter>
    </ClInclude>
    <ClInclude Include="Script/ScriptReloader.hpp">
      <Filter>Engine\Script</Filter>
    </ClInclude>
    <ClInclude Include="Script/ScriptSubsystem.hpp">
      <Filter>Engine\Script</Filter>
    </ClInclude>
    <ClInclude Include="Script/ScriptTypeExtractor.hpp">
      <Filter>Engine\Script</Filter>
    </ClInclude>
    <ClInclude Include="Widget\IWidget.hpp">
      <Filter>Engine\Widget</Filter>
    </ClInclude>
    <ClInclude Include="Widget\WidgetSubsystem.hpp">
      <Filter>Engine\Widget</Filter>
    </ClInclude>
    <ClInclude Include="../ThirdParty/fmod/fmod.h">
      <Filter>ThirdParty\FMOD</Filter>
    </ClInclude>
    <ClInclude Include="../ThirdParty/fmod/fmod.hpp">
      <Filter>ThirdParty\FMOD</Filter>
    </ClInclude>
    <ClInclude Include="../ThirdParty/fmod/fmod_codec.h">
      <Filter>ThirdParty\FMOD</Filter>
    </ClInclude>
    <ClInclude Include="../ThirdParty/fmod/fmod_common.h">
      <Filter>ThirdParty\FMOD</Filter>
    </ClInclude>
    <ClInclude Include="../ThirdParty/fmod/fmod_dsp.h">
      <Filter>ThirdParty\FMOD</Filter>
    </ClInclude>
    <ClInclude Include="../ThirdParty/fmod/fmod_dsp_effects.h">
      <Filter>ThirdParty\FMOD</Filter>
    </ClInclude>
    <ClInclude Include="../ThirdParty/fmod/fmod_errors.h">
      <Filter>ThirdParty\FMOD</Filter>
    </ClInclude>
    <ClInclude Include="../ThirdParty/fmod/fmod_output.h">
      <Filter>ThirdParty\FMOD</Filter>
    </ClInclude>
    <ClInclude Include="..\ThirdParty\json\json.hpp">
      <Filter>ThirdParty\JSON</Filter>
    </ClInclude>
    <ClInclude Include="../ThirdParty/TinyXML2/tinyxml2.h">
      <Filter>ThirdParty\TinyXML2</Filter>
    </ClInclude>
    <ClInclude Include="../ThirdParty/stb/stb_image.h">
      <Filter>ThirdParty\STB</Filter>
    </ClInclude>
    <ClInclude Include="../ThirdParty/Noise/RawNoise.hpp">
      <Filter>ThirdParty\Noise</Filter>
    </ClInclude>
    <ClInclude Include="../ThirdParty/Noise/SmoothNoise.hpp">
      <Filter>ThirdParty\Noise</Filter>
    </ClInclude>
    <ClInclude Include="Renderer\RendererScriptInterface.hpp">
      <Filter>Engine\Renderer\Script</Filter>
    </ClInclude>
  </ItemGroup>
</Project>